// !$*UTF8*$!
{
	archiveVersion = 1;
	classes = {
	};
	objectVersion = 56;
	objects = {

/* Begin PBXBuildFile section */
		C4697CA12AED623100B36287 /* DyslexiQuizApp.swift in Sources */ = {isa = PBXBuildFile; fileRef = C4697CA02AED623100B36287 /* DyslexiQuizApp.swift */; };
		C4697CA32AED623100B36287 /* ContentView.swift in Sources */ = {isa = PBXBuildFile; fileRef = C4697CA22AED623100B36287 /* ContentView.swift */; };
		C4697CA52AED623700B36287 /* Assets.xcassets in Resources */ = {isa = PBXBuildFile; fileRef = C4697CA42AED623700B36287 /* Assets.xcassets */; };
		C4697CA92AED623700B36287 /* Preview Assets.xcassets in Resources */ = {isa = PBXBuildFile; fileRef = C4697CA82AED623700B36287 /* Preview Assets.xcassets */; };
		C965B6BA2AEDBB2700C77AA9 /* FlashcardsView.swift in Sources */ = {isa = PBXBuildFile; fileRef = C965B6B92AEDBB2700C77AA9 /* FlashcardsView.swift */; };
		C9ADF4092AED8F80008A8095 /* ProfileView.swift in Sources */ = {isa = PBXBuildFile; fileRef = C9ADF4082AED8F7F008A8095 /* ProfileView.swift */; };
		C9ADF40B2AED9659008A8095 /* ReadingView.swift in Sources */ = {isa = PBXBuildFile; fileRef = C9ADF40A2AED9659008A8095 /* ReadingView.swift */; };
		C9ADF40D2AED96FA008A8095 /* OpenDyslexic3-Regular.ttf in Resources */ = {isa = PBXBuildFile; fileRef = C9ADF40C2AED96FA008A8095 /* OpenDyslexic3-Regular.ttf */; };
		C9ADF4112AEDA383008A8095 /* HomeView.swift in Sources */ = {isa = PBXBuildFile; fileRef = C9ADF4102AEDA383008A8095 /* HomeView.swift */; };
/* End PBXBuildFile section */

/* Begin PBXFileReference section */
		C4697C9D2AED623100B36287 /* DyslexiQuiz.app */ = {isa = PBXFileReference; explicitFileType = wrapper.application; includeInIndex = 0; path = DyslexiQuiz.app; sourceTree = BUILT_PRODUCTS_DIR; };
		C4697CA02AED623100B36287 /* DyslexiQuizApp.swift */ = {isa = PBXFileReference; lastKnownFileType = sourcecode.swift; path = DyslexiQuizApp.swift; sourceTree = "<group>"; };
		C4697CA22AED623100B36287 /* ContentView.swift */ = {isa = PBXFileReference; lastKnownFileType = sourcecode.swift; path = ContentView.swift; sourceTree = "<group>"; };
		C4697CA42AED623700B36287 /* Assets.xcassets */ = {isa = PBXFileReference; lastKnownFileType = folder.assetcatalog; path = Assets.xcassets; sourceTree = "<group>"; };
		C4697CA62AED623700B36287 /* DyslexiQuiz.entitlements */ = {isa = PBXFileReference; lastKnownFileType = text.plist.entitlements; path = DyslexiQuiz.entitlements; sourceTree = "<group>"; };
		C4697CA82AED623700B36287 /* Preview Assets.xcassets */ = {isa = PBXFileReference; lastKnownFileType = folder.assetcatalog; path = "Preview Assets.xcassets"; sourceTree = "<group>"; };
		C963C1152AED822A00784B56 /* Info.plist */ = {isa = PBXFileReference; lastKnownFileType = text.plist; path = Info.plist; sourceTree = "<group>"; };
		C965B6B92AEDBB2700C77AA9 /* FlashcardsView.swift */ = {isa = PBXFileReference; lastKnownFileType = sourcecode.swift; path = FlashcardsView.swift; sourceTree = "<group>"; };
		C9ADF4082AED8F7F008A8095 /* ProfileView.swift */ = {isa = PBXFileReference; lastKnownFileType = sourcecode.swift; path = ProfileView.swift; sourceTree = "<group>"; };
		C9ADF40A2AED9659008A8095 /* ReadingView.swift */ = {isa = PBXFileReference; lastKnownFileType = sourcecode.swift; path = ReadingView.swift; sourceTree = "<group>"; };
		C9ADF40C2AED96FA008A8095 /* OpenDyslexic3-Regular.ttf */ = {isa = PBXFileReference; lastKnownFileType = file; path = "OpenDyslexic3-Regular.ttf"; sourceTree = "<group>"; };
		C9ADF4102AEDA383008A8095 /* HomeView.swift */ = {isa = PBXFileReference; lastKnownFileType = sourcecode.swift; path = HomeView.swift; sourceTree = "<group>"; };
/* End PBXFileReference section */

/* Begin PBXFrameworksBuildPhase section */
		C4697C9A2AED623000B36287 /* Frameworks */ = {
			isa = PBXFrameworksBuildPhase;
			buildActionMask = 2147483647;
			files = (
			);
			runOnlyForDeploymentPostprocessing = 0;
		};
/* End PBXFrameworksBuildPhase section */

/* Begin PBXGroup section */
		C4697C942AED623000B36287 = {
			isa = PBXGroup;
			children = (
				C4697C9F2AED623100B36287 /* DyslexiQuiz */,
				C4697C9E2AED623100B36287 /* Products */,
				C963C1162AED8B2C00784B56 /* Frameworks */,
			);
			sourceTree = "<group>";
		};
		C4697C9E2AED623100B36287 /* Products */ = {
			isa = PBXGroup;
			children = (
				C4697C9D2AED623100B36287 /* DyslexiQuiz.app */,
			);
			name = Products;
			sourceTree = "<group>";
		};
		C4697C9F2AED623100B36287 /* DyslexiQuiz */ = {
			isa = PBXGroup;
			children = (
				C963C1152AED822A00784B56 /* Info.plist */,
				C4697CA02AED623100B36287 /* DyslexiQuizApp.swift */,
				C4697CA42AED623700B36287 /* Assets.xcassets */,
				C4697CA62AED623700B36287 /* DyslexiQuiz.entitlements */,
				C4697CA72AED623700B36287 /* Preview Content */,
				C9ADF4082AED8F7F008A8095 /* ProfileView.swift */,
				C4697CA22AED623100B36287 /* ContentView.swift */,
				C9ADF40A2AED9659008A8095 /* ReadingView.swift */,
				C9ADF4102AEDA383008A8095 /* HomeView.swift */,
				C965B6B92AEDBB2700C77AA9 /* FlashcardsView.swift */,
			);
			path = DyslexiQuiz;
			sourceTree = "<group>";
		};
		C4697CA72AED623700B36287 /* Preview Content */ = {
			isa = PBXGroup;
			children = (
				C4697CA82AED623700B36287 /* Preview Assets.xcassets */,
				C9ADF40C2AED96FA008A8095 /* OpenDyslexic3-Regular.ttf */,
			);
			path = "Preview Content";
			sourceTree = "<group>";
		};
		C963C1162AED8B2C00784B56 /* Frameworks */ = {
			isa = PBXGroup;
			children = (
			);
			name = Frameworks;
			sourceTree = "<group>";
		};
/* End PBXGroup section */

/* Begin PBXNativeTarget section */
		C4697C9C2AED623000B36287 /* DyslexiQuiz */ = {
			isa = PBXNativeTarget;
			buildConfigurationList = C4697CAC2AED623700B36287 /* Build configuration list for PBXNativeTarget "DyslexiQuiz" */;
			buildPhases = (
				C4697C992AED623000B36287 /* Sources */,
				C4697C9A2AED623000B36287 /* Frameworks */,
				C4697C9B2AED623000B36287 /* Resources */,
			);
			buildRules = (
			);
			dependencies = (
			);
			name = DyslexiQuiz;
			productName = DyslexiQuiz;
			productReference = C4697C9D2AED623100B36287 /* DyslexiQuiz.app */;
			productType = "com.apple.product-type.application";
		};
/* End PBXNativeTarget section */

/* Begin PBXProject section */
		C4697C952AED623000B36287 /* Project object */ = {
			isa = PBXProject;
			attributes = {
				BuildIndependentTargetsInParallel = 1;
				LastSwiftUpdateCheck = 1500;
				LastUpgradeCheck = 1500;
				TargetAttributes = {
					C4697C9C2AED623000B36287 = {
						CreatedOnToolsVersion = 15.0.1;
					};
				};
			};
			buildConfigurationList = C4697C982AED623000B36287 /* Build configuration list for PBXProject "DyslexiQuiz" */;
			compatibilityVersion = "Xcode 14.0";
			developmentRegion = en;
			hasScannedForEncodings = 0;
			knownRegions = (
				en,
				Base,
			);
			mainGroup = C4697C942AED623000B36287;
			productRefGroup = C4697C9E2AED623100B36287 /* Products */;
			projectDirPath = "";
			projectRoot = "";
			targets = (
				C4697C9C2AED623000B36287 /* DyslexiQuiz */,
			);
		};
/* End PBXProject section */

/* Begin PBXResourcesBuildPhase section */
		C4697C9B2AED623000B36287 /* Resources */ = {
			isa = PBXResourcesBuildPhase;
			buildActionMask = 2147483647;
			files = (
				C9ADF40D2AED96FA008A8095 /* OpenDyslexic3-Regular.ttf in Resources */,
				C4697CA92AED623700B36287 /* Preview Assets.xcassets in Resources */,
				C4697CA52AED623700B36287 /* Assets.xcassets in Resources */,
			);
			runOnlyForDeploymentPostprocessing = 0;
		};
/* End PBXResourcesBuildPhase section */

/* Begin PBXSourcesBuildPhase section */
		C4697C992AED623000B36287 /* Sources */ = {
			isa = PBXSourcesBuildPhase;
			buildActionMask = 2147483647;
			files = (
				C4697CA32AED623100B36287 /* ContentView.swift in Sources */,
				C9ADF40B2AED9659008A8095 /* ReadingView.swift in Sources */,
				C9ADF4112AEDA383008A8095 /* HomeView.swift in Sources */,
				C965B6BA2AEDBB2700C77AA9 /* FlashcardsView.swift in Sources */,
				C9ADF4092AED8F80008A8095 /* ProfileView.swift in Sources */,
				C4697CA12AED623100B36287 /* DyslexiQuizApp.swift in Sources */,
			);
			runOnlyForDeploymentPostprocessing = 0;
		};
/* End PBXSourcesBuildPhase section */

/* Begin XCBuildConfiguration section */
		C4697CAA2AED623700B36287 /* Debug */ = {
			isa = XCBuildConfiguration;
			buildSettings = {
				ALWAYS_SEARCH_USER_PATHS = NO;
				ASSETCATALOG_COMPILER_GENERATE_SWIFT_ASSET_SYMBOL_EXTENSIONS = YES;
				CLANG_ANALYZER_NONNULL = YES;
				CLANG_ANALYZER_NUMBER_OBJECT_CONVERSION = YES_AGGRESSIVE;
				CLANG_CXX_LANGUAGE_STANDARD = "gnu++20";
				CLANG_ENABLE_MODULES = YES;
				CLANG_ENABLE_OBJC_ARC = YES;
				CLANG_ENABLE_OBJC_WEAK = YES;
				CLANG_WARN_BLOCK_CAPTURE_AUTORELEASING = YES;
				CLANG_WARN_BOOL_CONVERSION = YES;
				CLANG_WARN_COMMA = YES;
				CLANG_WARN_CONSTANT_CONVERSION = YES;
				CLANG_WARN_DEPRECATED_OBJC_IMPLEMENTATIONS = YES;
				CLANG_WARN_DIRECT_OBJC_ISA_USAGE = YES_ERROR;
				CLANG_WARN_DOCUMENTATION_COMMENTS = YES;
				CLANG_WARN_EMPTY_BODY = YES;
				CLANG_WARN_ENUM_CONVERSION = YES;
				CLANG_WARN_INFINITE_RECURSION = YES;
				CLANG_WARN_INT_CONVERSION = YES;
				CLANG_WARN_NON_LITERAL_NULL_CONVERSION = YES;
				CLANG_WARN_OBJC_IMPLICIT_RETAIN_SELF = YES;
				CLANG_WARN_OBJC_LITERAL_CONVERSION = YES;
				CLANG_WARN_OBJC_ROOT_CLASS = YES_ERROR;
				CLANG_WARN_QUOTED_INCLUDE_IN_FRAMEWORK_HEADER = YES;
				CLANG_WARN_RANGE_LOOP_ANALYSIS = YES;
				CLANG_WARN_STRICT_PROTOTYPES = YES;
				CLANG_WARN_SUSPICIOUS_MOVE = YES;
				CLANG_WARN_UNGUARDED_AVAILABILITY = YES_AGGRESSIVE;
				CLANG_WARN_UNREACHABLE_CODE = YES;
				CLANG_WARN__DUPLICATE_METHOD_MATCH = YES;
				COPY_PHASE_STRIP = NO;
				DEBUG_INFORMATION_FORMAT = dwarf;
				ENABLE_STRICT_OBJC_MSGSEND = YES;
				ENABLE_TESTABILITY = YES;
				ENABLE_USER_SCRIPT_SANDBOXING = YES;
				GCC_C_LANGUAGE_STANDARD = gnu17;
				GCC_DYNAMIC_NO_PIC = NO;
				GCC_NO_COMMON_BLOCKS = YES;
				GCC_OPTIMIZATION_LEVEL = 0;
				GCC_PREPROCESSOR_DEFINITIONS = (
					"DEBUG=1",
					"$(inherited)",
				);
				GCC_WARN_64_TO_32_BIT_CONVERSION = YES;
				GCC_WARN_ABOUT_RETURN_TYPE = YES_ERROR;
				GCC_WARN_UNDECLARED_SELECTOR = YES;
				GCC_WARN_UNINITIALIZED_AUTOS = YES_AGGRESSIVE;
				GCC_WARN_UNUSED_FUNCTION = YES;
				GCC_WARN_UNUSED_VARIABLE = YES;
				LOCALIZATION_PREFERS_STRING_CATALOGS = YES;
				MTL_ENABLE_DEBUG_INFO = INCLUDE_SOURCE;
				MTL_FAST_MATH = YES;
				ONLY_ACTIVE_ARCH = YES;
				SWIFT_ACTIVE_COMPILATION_CONDITIONS = "DEBUG $(inherited)";
				SWIFT_OPTIMIZATION_LEVEL = "-Onone";
			};
			name = Debug;
		};
		C4697CAB2AED623700B36287 /* Release */ = {
			isa = XCBuildConfiguration;
			buildSettings = {
				ALWAYS_SEARCH_USER_PATHS = NO;
				ASSETCATALOG_COMPILER_GENERATE_SWIFT_ASSET_SYMBOL_EXTENSIONS = YES;
				CLANG_ANALYZER_NONNULL = YES;
				CLANG_ANALYZER_NUMBER_OBJECT_CONVERSION = YES_AGGRESSIVE;
				CLANG_CXX_LANGUAGE_STANDARD = "gnu++20";
				CLANG_ENABLE_MODULES = YES;
				CLANG_ENABLE_OBJC_ARC = YES;
				CLANG_ENABLE_OBJC_WEAK = YES;
				CLANG_WARN_BLOCK_CAPTURE_AUTORELEASING = YES;
				CLANG_WARN_BOOL_CONVERSION = YES;
				CLANG_WARN_COMMA = YES;
				CLANG_WARN_CONSTANT_CONVERSION = YES;
				CLANG_WARN_DEPRECATED_OBJC_IMPLEMENTATIONS = YES;
				CLANG_WARN_DIRECT_OBJC_ISA_USAGE = YES_ERROR;
				CLANG_WARN_DOCUMENTATION_COMMENTS = YES;
				CLANG_WARN_EMPTY_BODY = YES;
				CLANG_WARN_ENUM_CONVERSION = YES;
				CLANG_WARN_INFINITE_RECURSION = YES;
				CLANG_WARN_INT_CONVERSION = YES;
				CLANG_WARN_NON_LITERAL_NULL_CONVERSION = YES;
				CLANG_WARN_OBJC_IMPLICIT_RETAIN_SELF = YES;
				CLANG_WARN_OBJC_LITERAL_CONVERSION = YES;
				CLANG_WARN_OBJC_ROOT_CLASS = YES_ERROR;
				CLANG_WARN_QUOTED_INCLUDE_IN_FRAMEWORK_HEADER = YES;
				CLANG_WARN_RANGE_LOOP_ANALYSIS = YES;
				CLANG_WARN_STRICT_PROTOTYPES = YES;
				CLANG_WARN_SUSPICIOUS_MOVE = YES;
				CLANG_WARN_UNGUARDED_AVAILABILITY = YES_AGGRESSIVE;
				CLANG_WARN_UNREACHABLE_CODE = YES;
				CLANG_WARN__DUPLICATE_METHOD_MATCH = YES;
				COPY_PHASE_STRIP = NO;
				DEBUG_INFORMATION_FORMAT = "dwarf-with-dsym";
				ENABLE_NS_ASSERTIONS = NO;
				ENABLE_STRICT_OBJC_MSGSEND = YES;
				ENABLE_USER_SCRIPT_SANDBOXING = YES;
				GCC_C_LANGUAGE_STANDARD = gnu17;
				GCC_NO_COMMON_BLOCKS = YES;
				GCC_WARN_64_TO_32_BIT_CONVERSION = YES;
				GCC_WARN_ABOUT_RETURN_TYPE = YES_ERROR;
				GCC_WARN_UNDECLARED_SELECTOR = YES;
				GCC_WARN_UNINITIALIZED_AUTOS = YES_AGGRESSIVE;
				GCC_WARN_UNUSED_FUNCTION = YES;
				GCC_WARN_UNUSED_VARIABLE = YES;
				LOCALIZATION_PREFERS_STRING_CATALOGS = YES;
				MTL_ENABLE_DEBUG_INFO = NO;
				MTL_FAST_MATH = YES;
				SWIFT_COMPILATION_MODE = wholemodule;
			};
			name = Release;
		};
		C4697CAD2AED623700B36287 /* Debug */ = {
			isa = XCBuildConfiguration;
			buildSettings = {
				ASSETCATALOG_COMPILER_APPICON_NAME = AppIcon;
				ASSETCATALOG_COMPILER_GLOBAL_ACCENT_COLOR_NAME = AccentColor;
				CODE_SIGN_ENTITLEMENTS = DyslexiQuiz/DyslexiQuiz.entitlements;
				CODE_SIGN_STYLE = Manual;
				CURRENT_PROJECT_VERSION = 1;
				DEVELOPMENT_ASSET_PATHS = "\"DyslexiQuiz/Preview Content\"";
				DEVELOPMENT_TEAM = 3DK6BWW8QX;
				ENABLE_HARDENED_RUNTIME = YES;
				ENABLE_PREVIEWS = YES;
				GENERATE_INFOPLIST_FILE = YES;
				INFOPLIST_FILE = DyslexiQuiz/Info.plist;
				"INFOPLIST_KEY_UIApplicationSceneManifest_Generation[sdk=iphoneos*]" = YES;
				"INFOPLIST_KEY_UIApplicationSceneManifest_Generation[sdk=iphonesimulator*]" = YES;
				"INFOPLIST_KEY_UIApplicationSupportsIndirectInputEvents[sdk=iphoneos*]" = YES;
				"INFOPLIST_KEY_UIApplicationSupportsIndirectInputEvents[sdk=iphonesimulator*]" = YES;
				"INFOPLIST_KEY_UILaunchScreen_Generation[sdk=iphoneos*]" = YES;
				"INFOPLIST_KEY_UILaunchScreen_Generation[sdk=iphonesimulator*]" = YES;
				"INFOPLIST_KEY_UIStatusBarStyle[sdk=iphoneos*]" = UIStatusBarStyleDefault;
				"INFOPLIST_KEY_UIStatusBarStyle[sdk=iphonesimulator*]" = UIStatusBarStyleDefault;
				INFOPLIST_KEY_UISupportedInterfaceOrientations_iPad = "UIInterfaceOrientationPortrait UIInterfaceOrientationPortraitUpsideDown UIInterfaceOrientationLandscapeLeft UIInterfaceOrientationLandscapeRight";
				INFOPLIST_KEY_UISupportedInterfaceOrientations_iPhone = "\"\"";
				IPHONEOS_DEPLOYMENT_TARGET = 17.0;
				LD_RUNPATH_SEARCH_PATHS = "@executable_path/Frameworks";
				"LD_RUNPATH_SEARCH_PATHS[sdk=macosx*]" = "@executable_path/../Frameworks";
				MACOSX_DEPLOYMENT_TARGET = 13.5;
				MARKETING_VERSION = 1.0;
				PRODUCT_BUNDLE_IDENTIFIER = com.DyslexiQuiz;
				PRODUCT_NAME = "$(TARGET_NAME)";
				SDKROOT = auto;
				SUPPORTED_PLATFORMS = "iphoneos iphonesimulator macosx";
				SWIFT_EMIT_LOC_STRINGS = YES;
				SWIFT_VERSION = 5.0;
				TARGETED_DEVICE_FAMILY = "1,2";
			};
			name = Debug;
		};
		C4697CAE2AED623700B36287 /* Release */ = {
			isa = XCBuildConfiguration;
			buildSettings = {
				ASSETCATALOG_COMPILER_APPICON_NAME = AppIcon;
				ASSETCATALOG_COMPILER_GLOBAL_ACCENT_COLOR_NAME = AccentColor;
				CODE_SIGN_ENTITLEMENTS = DyslexiQuiz/DyslexiQuiz.entitlements;
				CODE_SIGN_STYLE = Manual;
				CURRENT_PROJECT_VERSION = 1;
				DEVELOPMENT_ASSET_PATHS = "\"DyslexiQuiz/Preview Content\"";
				DEVELOPMENT_TEAM = 3DK6BWW8QX;
				ENABLE_HARDENED_RUNTIME = YES;
				ENABLE_PREVIEWS = YES;
				GENERATE_INFOPLIST_FILE = YES;
				INFOPLIST_FILE = DyslexiQuiz/Info.plist;
				"INFOPLIST_KEY_UIApplicationSceneManifest_Generation[sdk=iphoneos*]" = YES;
				"INFOPLIST_KEY_UIApplicationSceneManifest_Generation[sdk=iphonesimulator*]" = YES;
				"INFOPLIST_KEY_UIApplicationSupportsIndirectInputEvents[sdk=iphoneos*]" = YES;
				"INFOPLIST_KEY_UIApplicationSupportsIndirectInputEvents[sdk=iphonesimulator*]" = YES;
				"INFOPLIST_KEY_UILaunchScreen_Generation[sdk=iphoneos*]" = YES;
				"INFOPLIST_KEY_UILaunchScreen_Generation[sdk=iphonesimulator*]" = YES;
				"INFOPLIST_KEY_UIStatusBarStyle[sdk=iphoneos*]" = UIStatusBarStyleDefault;
				"INFOPLIST_KEY_UIStatusBarStyle[sdk=iphonesimulator*]" = UIStatusBarStyleDefault;
				INFOPLIST_KEY_UISupportedInterfaceOrientations_iPad = "UIInterfaceOrientationPortrait UIInterfaceOrientationPortraitUpsideDown UIInterfaceOrientationLandscapeLeft UIInterfaceOrientationLandscapeRight";
				INFOPLIST_KEY_UISupportedInterfaceOrientations_iPhone = "\"\"";
				IPHONEOS_DEPLOYMENT_TARGET = 17.0;
				LD_RUNPATH_SEARCH_PATHS = "@executable_path/Frameworks";
				"LD_RUNPATH_SEARCH_PATHS[sdk=macosx*]" = "@executable_path/../Frameworks";
				MACOSX_DEPLOYMENT_TARGET = 13.5;
				MARKETING_VERSION = 1.0;
				PRODUCT_BUNDLE_IDENTIFIER = com.DyslexiQuiz;
				PRODUCT_NAME = "$(TARGET_NAME)";
				SDKROOT = auto;
				SUPPORTED_PLATFORMS = "iphoneos iphonesimulator macosx";
				SWIFT_EMIT_LOC_STRINGS = YES;
				SWIFT_VERSION = 5.0;
				TARGETED_DEVICE_FAMILY = "1,2";
			};
			name = Release;
		};
/* End XCBuildConfiguration section */

/* Begin XCConfigurationList section */
		C4697C982AED623000B36287 /* Build configuration list for PBXProject "DyslexiQuiz" */ = {
			isa = XCConfigurationList;
			buildConfigurations = (
				C4697CAA2AED623700B36287 /* Debug */,
				C4697CAB2AED623700B36287 /* Release */,
			);
			defaultConfigurationIsVisible = 0;
			defaultConfigurationName = Release;
		};
		C4697CAC2AED623700B36287 /* Build configuration list for PBXNativeTarget "DyslexiQuiz" */ = {
			isa = XCConfigurationList;
			buildConfigurations = (
				C4697CAD2AED623700B36287 /* Debug */,
				C4697CAE2AED623700B36287 /* Release */,
			);
			defaultConfigurationIsVisible = 0;
			defaultConfigurationName = Release;
		};
/* End XCConfigurationList section */
	};
	rootObject = C4697C952AED623000B36287 /* Project object */;
}
